
Microsoft Visual Studio Solution File, Format Version 12.00
# Visual Studio 2015
Project("{FAE04EC0-301F-11D3-BF4B-00C04F79EFBC}") = "Ghostbox.CSharp", "Ghostbox.CSharp.csproj", "{0FD1EF75-EC35-174F-7C81-1CB8EEF1CBA5}"
EndProject
Project("{FAE04EC0-301F-11D3-BF4B-00C04F79EFBC}") = "Ghostbox.CSharp.Editor", "Ghostbox.CSharp.Editor.csproj", "{01A5DD5D-F6FA-623B-6C4A-888F0522EC89}"
EndProject
Global
	GlobalSection(SolutionConfigurationPlatforms) = preSolution
		Debug|Any CPU = Debug|Any CPU
		Release|Any CPU = Release|Any CPU
	EndGlobalSection
	GlobalSection(ProjectConfigurationPlatforms) = postSolution
		{0FD1EF75-EC35-174F-7C81-1CB8EEF1CBA5}.Debug|Any CPU.ActiveCfg = Debug|Any CPU
		{0FD1EF75-EC35-174F-7C81-1CB8EEF1CBA5}.Debug|Any CPU.Build.0 = Debug|Any CPU
		{0FD1EF75-EC35-174F-7C81-1CB8EEF1CBA5}.Release|Any CPU.ActiveCfg = Release|Any CPU
		{0FD1EF75-EC35-174F-7C81-1CB8EEF1CBA5}.Release|Any CPU.Build.0 = Release|Any CPU
		{01A5DD5D-F6FA-623B-6C4A-888F0522EC89}.Debug|Any CPU.ActiveCfg = Debug|Any CPU
		{01A5DD5D-F6FA-623B-6C4A-888F0522EC89}.Debug|Any CPU.Build.0 = Debug|Any CPU
		{01A5DD5D-F6FA-623B-6C4A-888F0522EC89}.Release|Any CPU.ActiveCfg = Release|Any CPU
		{01A5DD5D-F6FA-623B-6C4A-888F0522EC89}.Release|Any CPU.Build.0 = Release|Any CPU
	EndGlobalSection
	GlobalSection(SolutionProperties) = preSolution
		HideSolutionNode = FALSE
	EndGlobalSection
EndGlobal
